// !$*UTF8*$!
{
	archiveVersion = 1;
	classes = {
	};
	objectVersion = 56;
	objects = {

/* Begin PBXBuildFile section */
		04C5527E294FF3FA007C5B5A /* AppDelegate.swift in Sources */ = {isa = PBXBuildFile; fileRef = 04C5527D294FF3FA007C5B5A /* AppDelegate.swift */; };
		04C55280294FF3FA007C5B5A /* SceneDelegate.swift in Sources */ = {isa = PBXBuildFile; fileRef = 04C5527F294FF3FA007C5B5A /* SceneDelegate.swift */; };
		04C55282294FF3FA007C5B5A /* ViewController.swift in Sources */ = {isa = PBXBuildFile; fileRef = 04C55281294FF3FA007C5B5A /* ViewController.swift */; };
		04C55285294FF3FA007C5B5A /* Main.storyboard in Resources */ = {isa = PBXBuildFile; fileRef = 04C55283294FF3FA007C5B5A /* Main.storyboard */; };
		04C55287294FF3FB007C5B5A /* Assets.xcassets in Resources */ = {isa = PBXBuildFile; fileRef = 04C55286294FF3FB007C5B5A /* Assets.xcassets */; };
		04C5528A294FF3FB007C5B5A /* LaunchScreen.storyboard in Resources */ = {isa = PBXBuildFile; fileRef = 04C55288294FF3FB007C5B5A /* LaunchScreen.storyboard */; };
		04C55293294FF465007C5B5A /* FirstViewController.swift in Sources */ = {isa = PBXBuildFile; fileRef = 04C55292294FF465007C5B5A /* FirstViewController.swift */; };
		04C55295294FFEFC007C5B5A /* CollectionViewCell.swift in Sources */ = {isa = PBXBuildFile; fileRef = 04C55294294FFEFC007C5B5A /* CollectionViewCell.swift */; };
/* End PBXBuildFile section */

/* Begin PBXFileReference section */
		04C5527A294FF3FA007C5B5A /* 19.12 dars.app */ = {isa = PBXFileReference; explicitFileType = wrapper.application; includeInIndex = 0; path = "19.12 dars.app"; sourceTree = BUILT_PRODUCTS_DIR; };
		04C5527D294FF3FA007C5B5A /* AppDelegate.swift */ = {isa = PBXFileReference; lastKnownFileType = sourcecode.swift; path = AppDelegate.swift; sourceTree = "<group>"; };
		04C5527F294FF3FA007C5B5A /* SceneDelegate.swift */ = {isa = PBXFileReference; lastKnownFileType = sourcecode.swift; path = SceneDelegate.swift; sourceTree = "<group>"; };
		04C55281294FF3FA007C5B5A /* ViewController.swift */ = {isa = PBXFileReference; lastKnownFileType = sourcecode.swift; path = ViewController.swift; sourceTree = "<group>"; };
		04C55284294FF3FA007C5B5A /* Base */ = {isa = PBXFileReference; lastKnownFileType = file.storyboard; name = Base; path = Base.lproj/Main.storyboard; sourceTree = "<group>"; };
		04C55286294FF3FB007C5B5A /* Assets.xcassets */ = {isa = PBXFileReference; lastKnownFileType = folder.assetcatalog; path = Assets.xcassets; sourceTree = "<group>"; };
		04C55289294FF3FB007C5B5A /* Base */ = {isa = PBXFileReference; lastKnownFileType = file.storyboard; name = Base; path = Base.lproj/LaunchScreen.storyboard; sourceTree = "<group>"; };
		04C5528B294FF3FB007C5B5A /* Info.plist */ = {isa = PBXFileReference; lastKnownFileType = text.plist.xml; path = Info.plist; sourceTree = "<group>"; };
		04C55292294FF465007C5B5A /* FirstViewController.swift */ = {isa = PBXFileReference; lastKnownFileType = sourcecode.swift; path = FirstViewController.swift; sourceTree = "<group>"; };
		04C55294294FFEFC007C5B5A /* CollectionViewCell.swift */ = {isa = PBXFileReference; lastKnownFileType = sourcecode.swift; path = CollectionViewCell.swift; sourceTree = "<group>"; };
/* End PBXFileReference section */

/* Begin PBXFrameworksBuildPhase section */
		04C55277294FF3FA007C5B5A /* Frameworks */ = {
			isa = PBXFrameworksBuildPhase;
			buildActionMask = 2147483647;
			files = (
			);
			runOnlyForDeploymentPostprocessing = 0;
		};
/* End PBXFrameworksBuildPhase section */

/* Begin PBXGroup section */
		04C55271294FF3F9007C5B5A = {
			isa = PBXGroup;
			children = (
				04C5527C294FF3FA007C5B5A /* 19.12 dars */,
				04C5527B294FF3FA007C5B5A /* Products */,
			);
			sourceTree = "<group>";
		};
		04C5527B294FF3FA007C5B5A /* Products */ = {
			isa = PBXGroup;
			children = (
				04C5527A294FF3FA007C5B5A /* 19.12 dars.app */,
			);
			name = Products;
			sourceTree = "<group>";
		};
		04C5527C294FF3FA007C5B5A /* 19.12 dars */ = {
			isa = PBXGroup;
			children = (
				04C55291294FF448007C5B5A /* programm */,
				04C5527D294FF3FA007C5B5A /* AppDelegate.swift */,
				04C5527F294FF3FA007C5B5A /* SceneDelegate.swift */,
				04C55281294FF3FA007C5B5A /* ViewController.swift */,
				04C55283294FF3FA007C5B5A /* Main.storyboard */,
				04C55286294FF3FB007C5B5A /* Assets.xcassets */,
				04C55288294FF3FB007C5B5A /* LaunchScreen.storyboard */,
				04C5528B294FF3FB007C5B5A /* Info.plist */,
			);
			path = "19.12 dars";
			sourceTree = "<group>";
		};
		04C55291294FF448007C5B5A /* programm */ = {
			isa = PBXGroup;
			children = (
				04C55292294FF465007C5B5A /* FirstViewController.swift */,
				04C55294294FFEFC007C5B5A /* CollectionViewCell.swift */,
			);
			path = programm;
			sourceTree = "<group>";
		};
/* End PBXGroup section */

/* Begin PBXNativeTarget section */
		04C55279294FF3FA007C5B5A /* 19.12 dars */ = {
			isa = PBXNativeTarget;
			buildConfigurationList = 04C5528E294FF3FB007C5B5A /* Build configuration list for PBXNativeTarget "19.12 dars" */;
			buildPhases = (
				04C55276294FF3FA007C5B5A /* Sources */,
				04C55277294FF3FA007C5B5A /* Frameworks */,
				04C55278294FF3FA007C5B5A /* Resources */,
			);
			buildRules = (
			);
			dependencies = (
			);
			name = "19.12 dars";
			productName = "19.12 dars";
			productReference = 04C5527A294FF3FA007C5B5A /* 19.12 dars.app */;
			productType = "com.apple.product-type.application";
		};
/* End PBXNativeTarget section */

/* Begin PBXProject section */
		04C55272294FF3F9007C5B5A /* Project object */ = {
			isa = PBXProject;
			attributes = {
				BuildIndependentTargetsInParallel = 1;
				LastSwiftUpdateCheck = 1410;
				LastUpgradeCheck = 1410;
				TargetAttributes = {
					04C55279294FF3FA007C5B5A = {
						CreatedOnToolsVersion = 14.1;
					};
				};
			};
			buildConfigurationList = 04C55275294FF3F9007C5B5A /* Build configuration list for PBXProject "19.12 dars" */;
			compatibilityVersion = "Xcode 14.0";
			developmentRegion = en;
			hasScannedForEncodings = 0;
			knownRegions = (
				en,
				Base,
			);
			mainGroup = 04C55271294FF3F9007C5B5A;
			productRefGroup = 04C5527B294FF3FA007C5B5A /* Products */;
			projectDirPath = "";
			projectRoot = "";
			targets = (
				04C55279294FF3FA007C5B5A /* 19.12 dars */,
			);
		};
/* End PBXProject section */

/* Begin PBXResourcesBuildPhase section */
		04C55278294FF3FA007C5B5A /* Resources */ = {
			isa = PBXResourcesBuildPhase;
			buildActionMask = 2147483647;
			files = (
				04C5528A294FF3FB007C5B5A /* LaunchScreen.storyboard in Resources */,
				04C55287294FF3FB007C5B5A /* Assets.xcassets in Resources */,
				04C55285294FF3FA007C5B5A /* Main.storyboard in Resources */,
			);
			runOnlyForDeploymentPostprocessing = 0;
		};
/* End PBXResourcesBuildPhase section */

/* Begin PBXSourcesBuildPhase section */
		04C55276294FF3FA007C5B5A /* Sources */ = {
			isa = PBXSourcesBuildPhase;
			buildActionMask = 2147483647;
			files = (
				04C55295294FFEFC007C5B5A /* CollectionViewCell.swift in Sources */,
				04C55282294FF3FA007C5B5A /* ViewController.swift in Sources */,
				04C5527E294FF3FA007C5B5A /* AppDelegate.swift in Sources */,
				04C55280294FF3FA007C5B5A /* SceneDelegate.swift in Sources */,
				04C55293294FF465007C5B5A /* FirstViewController.swift in Sources */,
			);
			runOnlyForDeploymentPostprocessing = 0;
		};
/* End PBXSourcesBuildPhase section */

/* Begin PBXVariantGroup section */
		04C55283294FF3FA007C5B5A /* Main.storyboard */ = {
			isa = PBXVariantGroup;
			children = (
				04C55284294FF3FA007C5B5A /* Base */,
			);
			name = Main.storyboard;
			sourceTree = "<group>";
		};
		04C55288294FF3FB007C5B5A /* LaunchScreen.storyboard */ = {
			isa = PBXVariantGroup;
			children = (
				04C55289294FF3FB007C5B5A /* Base */,
			);
			name = LaunchScreen.storyboard;
			sourceTree = "<group>";
		};
/* End PBXVariantGroup section */

/* Begin XCBuildConfiguration section */
		04C5528C294FF3FB007C5B5A /* Debug */ = {
			isa = XCBuildConfiguration;
			buildSettings = {
				ALWAYS_SEARCH_USER_PATHS = NO;
				CLANG_ANALYZER_NONNULL = YES;
				CLANG_ANALYZER_NUMBER_OBJECT_CONVERSION = YES_AGGRESSIVE;
				CLANG_CXX_LANGUAGE_STANDARD = "gnu++20";
				CLANG_ENABLE_MODULES = YES;
				CLANG_ENABLE_OBJC_ARC = YES;
				CLANG_ENABLE_OBJC_WEAK = YES;
				CLANG_WARN_BLOCK_CAPTURE_AUTORELEASING = YES;
				CLANG_WARN_BOOL_CONVERSION = YES;
				CLANG_WARN_COMMA = YES;
				CLANG_WARN_CONSTANT_CONVERSION = YES;
				CLANG_WARN_DEPRECATED_OBJC_IMPLEMENTATIONS = YES;
				CLANG_WARN_DIRECT_OBJC_ISA_USAGE = YES_ERROR;
				CLANG_WARN_DOCUMENTATION_COMMENTS = YES;
				CLANG_WARN_EMPTY_BODY = YES;
				CLANG_WARN_ENUM_CONVERSION = YES;
				CLANG_WARN_INFINITE_RECURSION = YES;
				CLANG_WARN_INT_CONVERSION = YES;
				CLANG_WARN_NON_LITERAL_NULL_CONVERSION = YES;
				CLANG_WARN_OBJC_IMPLICIT_RETAIN_SELF = YES;
				CLANG_WARN_OBJC_LITERAL_CONVERSION = YES;
				CLANG_WARN_OBJC_ROOT_CLASS = YES_ERROR;
				CLANG_WARN_QUOTED_INCLUDE_IN_FRAMEWORK_HEADER = YES;
				CLANG_WARN_RANGE_LOOP_ANALYSIS = YES;
				CLANG_WARN_STRICT_PROTOTYPES = YES;
				CLANG_WARN_SUSPICIOUS_MOVE = YES;
				CLANG_WARN_UNGUARDED_AVAILABILITY = YES_AGGRESSIVE;
				CLANG_WARN_UNREACHABLE_CODE = YES;
				CLANG_WARN__DUPLICATE_METHOD_MATCH = YES;
				COPY_PHASE_STRIP = NO;
				DEBUG_INFORMATION_FORMAT = dwarf;
				ENABLE_STRICT_OBJC_MSGSEND = YES;
				ENABLE_TESTABILITY = YES;
				GCC_C_LANGUAGE_STANDARD = gnu11;
				GCC_DYNAMIC_NO_PIC = NO;
				GCC_NO_COMMON_BLOCKS = YES;
				GCC_OPTIMIZATION_LEVEL = 0;
				GCC_PREPROCESSOR_DEFINITIONS = (
					"DEBUG=1",
					"$(inherited)",
				);
				GCC_WARN_64_TO_32_BIT_CONVERSION = YES;
				GCC_WARN_ABOUT_RETURN_TYPE = YES_ERROR;
				GCC_WARN_UNDECLARED_SELECTOR = YES;
				GCC_WARN_UNINITIALIZED_AUTOS = YES_AGGRESSIVE;
				GCC_WARN_UNUSED_FUNCTION = YES;
				GCC_WARN_UNUSED_VARIABLE = YES;
				IPHONEOS_DEPLOYMENT_TARGET = 16.1;
				MTL_ENABLE_DEBUG_INFO = INCLUDE_SOURCE;
				MTL_FAST_MATH = YES;
				ONLY_ACTIVE_ARCH = YES;
				SDKROOT = iphoneos;
				SWIFT_ACTIVE_COMPILATION_CONDITIONS = DEBUG;
				SWIFT_OPTIMIZATION_LEVEL = "-Onone";
			};
			name = Debug;
		};
		04C5528D294FF3FB007C5B5A /* Release */ = {
			isa = XCBuildConfiguration;
			buildSettings = {
				ALWAYS_SEARCH_USER_PATHS = NO;
				CLANG_ANALYZER_NONNULL = YES;
				CLANG_ANALYZER_NUMBER_OBJECT_CONVERSION = YES_AGGRESSIVE;
				CLANG_CXX_LANGUAGE_STANDARD = "gnu++20";
				CLANG_ENABLE_MODULES = YES;
				CLANG_ENABLE_OBJC_ARC = YES;
				CLANG_ENABLE_OBJC_WEAK = YES;
				CLANG_WARN_BLOCK_CAPTURE_AUTORELEASING = YES;
				CLANG_WARN_BOOL_CONVERSION = YES;
				CLANG_WARN_COMMA = YES;
				CLANG_WARN_CONSTANT_CONVERSION = YES;
				CLANG_WARN_DEPRECATED_OBJC_IMPLEMENTATIONS = YES;
				CLANG_WARN_DIRECT_OBJC_ISA_USAGE = YES_ERROR;
				CLANG_WARN_DOCUMENTATION_COMMENTS = YES;
				CLANG_WARN_EMPTY_BODY = YES;
				CLANG_WARN_ENUM_CONVERSION = YES;
				CLANG_WARN_INFINITE_RECURSION = YES;
				CLANG_WARN_INT_CONVERSION = YES;
				CLANG_WARN_NON_LITERAL_NULL_CONVERSION = YES;
				CLANG_WARN_OBJC_IMPLICIT_RETAIN_SELF = YES;
				CLANG_WARN_OBJC_LITERAL_CONVERSION = YES;
				CLANG_WARN_OBJC_ROOT_CLASS = YES_ERROR;
				CLANG_WARN_QUOTED_INCLUDE_IN_FRAMEWORK_HEADER = YES;
				CLANG_WARN_RANGE_LOOP_ANALYSIS = YES;
				CLANG_WARN_STRICT_PROTOTYPES = YES;
				CLANG_WARN_SUSPICIOUS_MOVE = YES;
				CLANG_WARN_UNGUARDED_AVAILABILITY = YES_AGGRESSIVE;
				CLANG_WARN_UNREACHABLE_CODE = YES;
				CLANG_WARN__DUPLICATE_METHOD_MATCH = YES;
				COPY_PHASE_STRIP = NO;
				DEBUG_INFORMATION_FORMAT = "dwarf-with-dsym";
				ENABLE_NS_ASSERTIONS = NO;
				ENABLE_STRICT_OBJC_MSGSEND = YES;
				GCC_C_LANGUAGE_STANDARD = gnu11;
				GCC_NO_COMMON_BLOCKS = YES;
				GCC_WARN_64_TO_32_BIT_CONVERSION = YES;
				GCC_WARN_ABOUT_RETURN_TYPE = YES_ERROR;
				GCC_WARN_UNDECLARED_SELECTOR = YES;
				GCC_WARN_UNINITIALIZED_AUTOS = YES_AGGRESSIVE;
				GCC_WARN_UNUSED_FUNCTION = YES;
				GCC_WARN_UNUSED_VARIABLE = YES;
				IPHONEOS_DEPLOYMENT_TARGET = 16.1;
				MTL_ENABLE_DEBUG_INFO = NO;
				MTL_FAST_MATH = YES;
				SDKROOT = iphoneos;
				SWIFT_COMPILATION_MODE = wholemodule;
				SWIFT_OPTIMIZATION_LEVEL = "-O";
				VALIDATE_PRODUCT = YES;
			};
			name = Release;
		};
		04C5528F294FF3FB007C5B5A /* Debug */ = {
			isa = XCBuildConfiguration;
			buildSettings = {
				ASSETCATALOG_COMPILER_APPICON_NAME = AppIcon;
				ASSETCATALOG_COMPILER_GLOBAL_ACCENT_COLOR_NAME = AccentColor;
				CODE_SIGN_STYLE = Automatic;
				CURRENT_PROJECT_VERSION = 1;
				DEVELOPMENT_TEAM = 8D8Y4CXLPD;
				GENERATE_INFOPLIST_FILE = YES;
				INFOPLIST_FILE = "19.12 dars/Info.plist";
				INFOPLIST_KEY_UIApplicationSupportsIndirectInputEvents = YES;
				INFOPLIST_KEY_UILaunchStoryboardName = LaunchScreen;
				INFOPLIST_KEY_UIMainStoryboardFile = Main;
				INFOPLIST_KEY_UISupportedInterfaceOrientations_iPad = "UIInterfaceOrientationPortrait UIInterfaceOrientationPortraitUpsideDown UIInterfaceOrientationLandscapeLeft UIInterfaceOrientationLandscapeRight";
				INFOPLIST_KEY_UISupportedInterfaceOrientations_iPhone = "UIInterfaceOrientationPortrait UIInterfaceOrientationLandscapeLeft UIInterfaceOrientationLandscapeRight";
				LD_RUNPATH_SEARCH_PATHS = (
					"$(inherited)",
					"@executable_path/Frameworks",
				);
				MARKETING_VERSION = 1.0;
				PRODUCT_BUNDLE_IDENTIFIER = "Muminov.-9-12-dars";
				PRODUCT_NAME = "$(TARGET_NAME)";
				SWIFT_EMIT_LOC_STRINGS = YES;
				SWIFT_VERSION = 5.0;
				TARGETED_DEVICE_FAMILY = "1,2";
			};
			name = Debug;
		};
		04C55290294FF3FB007C5B5A /* Release */ = {
			isa = XCBuildConfiguration;
			buildSettings = {
				ASSETCATALOG_COMPILER_APPICON_NAME = AppIcon;
				ASSETCATALOG_COMPILER_GLOBAL_ACCENT_COLOR_NAME = AccentColor;
				CODE_SIGN_STYLE = Automatic;
				CURRENT_PROJECT_VERSION = 1;
				DEVELOPMENT_TEAM = 8D8Y4CXLPD;
				GENERATE_INFOPLIST_FILE = YES;
				INFOPLIST_FILE = "19.12 dars/Info.plist";
				INFOPLIST_KEY_UIApplicationSupportsIndirectInputEvents = YES;
				INFOPLIST_KEY_UILaunchStoryboardName = LaunchScreen;
				INFOPLIST_KEY_UIMainStoryboardFile = Main;
				INFOPLIST_KEY_UISupportedInterfaceOrientations_iPad = "UIInterfaceOrientationPortrait UIInterfaceOrientationPortraitUpsideDown UIInterfaceOrientationLandscapeLeft UIInterfaceOrientationLandscapeRight";
				INFOPLIST_KEY_UISupportedInterfaceOrientations_iPhone = "UIInterfaceOrientationPortrait UIInterfaceOrientationLandscapeLeft UIInterfaceOrientationLandscapeRight";
				LD_RUNPATH_SEARCH_PATHS = (
					"$(inherited)",
					"@executable_path/Frameworks",
				);
				MARKETING_VERSION = 1.0;
				PRODUCT_BUNDLE_IDENTIFIER = "Muminov.-9-12-dars";
				PRODUCT_NAME = "$(TARGET_NAME)";
				SWIFT_EMIT_LOC_STRINGS = YES;
				SWIFT_VERSION = 5.0;
				TARGETED_DEVICE_FAMILY = "1,2";
			};
			name = Release;
		};
/* End XCBuildConfiguration section */

/* Begin XCConfigurationList section */
		04C55275294FF3F9007C5B5A /* Build configuration list for PBXProject "19.12 dars" */ = {
			isa = XCConfigurationList;
			buildConfigurations = (
				04C5528C294FF3FB007C5B5A /* Debug */,
				04C5528D294FF3FB007C5B5A /* Release */,
			);
			defaultConfigurationIsVisible = 0;
			defaultConfigurationName = Release;
		};
		04C5528E294FF3FB007C5B5A /* Build configuration list for PBXNativeTarget "19.12 dars" */ = {
			isa = XCConfigurationList;
			buildConfigurations = (
				04C5528F294FF3FB007C5B5A /* Debug */,
				04C55290294FF3FB007C5B5A /* Release */,
			);
			defaultConfigurationIsVisible = 0;
			defaultConfigurationName = Release;
		};
/* End XCConfigurationList section */
	};
	rootObject = 04C55272294FF3F9007C5B5A /* Project object */;
}
